{
  "originHash" : "ed9939fee2aa1decd6c2acf11d974bc04531a84247759b0d1197e10a0f142ef3",
  "pins" : [
    {
      "identity" : "parsimonious",
      "kind" : "remoteSourceControl",
      "location" : "https://github.com/Prosumma/Parsimonious",
      "state" : {
        "revision" : "dceddf2ac02dd055d41bf7a39485eab46cb1b58e",
        "version" : "2.5.1"
      }
    }
  ],
  "version" : 3
}
