{
  "originHash" : "9f060dde5d13ab1ab929278bba70ed62fea54243ce6c074771e7555134b86216",
  "pins" : [
    {
      "identity" : "parsimonious",
      "kind" : "remoteSourceControl",
      "location" : "https://github.com/Prosumma/Parsimonious",
      "state" : {
        "revision" : "aebb81c5ff480c4c189f7a72cc90f4df0341b523",
        "version" : "2.6.0"
      }
    }
  ],
  "version" : 3
}
